
Microsoft Visual Studio Solution File, Format Version 12.00
# Visual Studio 15
VisualStudioVersion = 15.0.28010.2046
MinimumVisualStudioVersion = 10.0.40219.1
Project("{FAE04EC0-301F-11D3-BF4B-00C04F79EFBC}") = "CinemaTicketSalesSystem", "CinemaTicketSalesSystem\CinemaTicketSalesSystem.csproj", "{C76A2B1E-CC24-4CC5-A61F-A45A4CC4DDEF}"
EndProject
Project("{FAE04EC0-301F-11D3-BF4B-00C04F79EFBC}") = "ApplicationDbMovies", "ApplicationDbMovies\ApplicationDbMovies\ApplicationDbMovies.csproj", "{5827154A-82B1-45E3-B656-C35806E30EA2}"
EndProject
Project("{FAE04EC0-301F-11D3-BF4B-00C04F79EFBC}") = "CinemaTicketSalesBusinessLogic", "CinemaTicketSalesBusinessLogic\CinemaTicketSalesBusinessLogic.csproj", "{BAB865A1-4797-4267-882E-3483007A8B14}"
EndProject
Global
	GlobalSection(SolutionConfigurationPlatforms) = preSolution
		Debug|Any CPU = Debug|Any CPU
		Release|Any CPU = Release|Any CPU
	EndGlobalSection
	GlobalSection(ProjectConfigurationPlatforms) = postSolution
		{C76A2B1E-CC24-4CC5-A61F-A45A4CC4DDEF}.Debug|Any CPU.ActiveCfg = Debug|Any CPU
		{C76A2B1E-CC24-4CC5-A61F-A45A4CC4DDEF}.Debug|Any CPU.Build.0 = Debug|Any CPU
		{C76A2B1E-CC24-4CC5-A61F-A45A4CC4DDEF}.Release|Any CPU.ActiveCfg = Release|Any CPU
		{C76A2B1E-CC24-4CC5-A61F-A45A4CC4DDEF}.Release|Any CPU.Build.0 = Release|Any CPU
		{5827154A-82B1-45E3-B656-C35806E30EA2}.Debug|Any CPU.ActiveCfg = Debug|Any CPU
		{5827154A-82B1-45E3-B656-C35806E30EA2}.Debug|Any CPU.Build.0 = Debug|Any CPU
		{5827154A-82B1-45E3-B656-C35806E30EA2}.Release|Any CPU.ActiveCfg = Release|Any CPU
		{5827154A-82B1-45E3-B656-C35806E30EA2}.Release|Any CPU.Build.0 = Release|Any CPU
		{BAB865A1-4797-4267-882E-3483007A8B14}.Debug|Any CPU.ActiveCfg = Debug|Any CPU
		{BAB865A1-4797-4267-882E-3483007A8B14}.Debug|Any CPU.Build.0 = Debug|Any CPU
		{BAB865A1-4797-4267-882E-3483007A8B14}.Release|Any CPU.ActiveCfg = Release|Any CPU
		{BAB865A1-4797-4267-882E-3483007A8B14}.Release|Any CPU.Build.0 = Release|Any CPU
	EndGlobalSection
	GlobalSection(SolutionProperties) = preSolution
		HideSolutionNode = FALSE
	EndGlobalSection
	GlobalSection(ExtensibilityGlobals) = postSolution
		SolutionGuid = {9FCB39D3-52A0-4CE8-94DD-EDFC91964E2B}
	EndGlobalSection
EndGlobal
